{
  "version": 4,
  "terraform_version": "1.10.4",
  "serial": 86,
  "lineage": "696d68e3-8d5f-5579-00df-32b33ef8b52b",
  "outputs": {
    "api_gateway_id": {
      "value": "ookpvj4nh7",
      "type": "string"
    },
    "api_gateway_url": {
      "value": "https://ookpvj4nh7.execute-api.us-east-1.amazonaws.com",
      "type": "string"
    },
    "chat_endpoint": {
      "value": "https://ookpvj4nh7.execute-api.us-east-1.amazonaws.com/chat",
      "type": "string"
    },
    "cloudwatch_log_group": {
      "value": "/aws/lambda/ai-admissions-assistant-dev",
      "type": "string"
    },
    "eventbridge_rule_arn": {
      "value": "arn:aws:events:us-east-1:717279706981:rule/ai-admissions-assistant-nightly-scrape-dev",
      "type": "string"
    },
    "eventbridge_rule_name": {
      "value": "ai-admissions-assistant-nightly-scrape-dev",
      "type": "string"
    },
    "eventbridge_schedule": {
      "value": "cron(0 0 * * ? *)",
      "type": "string"
    },
    "lambda_function_arn": {
      "value": "arn:aws:lambda:us-east-1:717279706981:function:ai-admissions-assistant-dev",
      "type": "string"
    },
    "lambda_function_name": {
      "value": "ai-admissions-assistant-dev",
      "type": "string"
    },
    "lambda_layers": {
      "value": [
        "arn:aws:lambda:us-east-1:717279706981:layer:ai-admissions-assistant-aws-sdk-dev:25",
        "arn:aws:lambda:us-east-1:717279706981:layer:ai-admissions-assistant-app-dependencies-dev:24",
        "arn:aws:lambda:us-east-1:717279706981:layer:ai-admissions-assistant-scraping-dependencies-dev:24"
      ],
      "type": [
        "list",
        "string"
      ]
    },
    "scrape_endpoint": {
      "value": "https://ookpvj4nh7.execute-api.us-east-1.amazonaws.com/scrape",
      "type": "string"
    }
  },
  "resources": [
    {
      "mode": "managed",
      "type": "aws_apigatewayv2_api",
      "name": "http_api",
      "provider": "provider[\"registry.terraform.io/hashicorp/aws\"]",
      "instances": [
        {
          "schema_version": 0,
          "attributes": {
            "api_endpoint": "https://ookpvj4nh7.execute-api.us-east-1.amazonaws.com",
            "api_key_selection_expression": "$request.header.x-api-key",
            "arn": "arn:aws:apigateway:us-east-1::/apis/ookpvj4nh7",
            "body": null,
            "cors_configuration": [
              {
                "allow_credentials": false,
                "allow_headers": [
                  "authorization",
                  "content-type",
                  "x-amz-date",
                  "x-amz-security-token",
                  "x-api-key"
                ],
                "allow_methods": [
                  "DELETE",
                  "GET",
                  "OPTIONS",
                  "POST",
                  "PUT"
                ],
                "allow_origins": [
                  "*"
                ],
                "expose_headers": [],
                "max_age": 300
              }
            ],
            "credentials_arn": null,
            "description": "",
            "disable_execute_api_endpoint": false,
            "execution_arn": "arn:aws:execute-api:us-east-1:717279706981:ookpvj4nh7",
            "fail_on_warnings": null,
            "id": "ookpvj4nh7",
            "ip_address_type": "ipv4",
            "name": "ai-admissions-assistant-api-dev",
            "protocol_type": "HTTP",
            "route_key": null,
            "route_selection_expression": "$request.method $request.path",
            "tags": {
              "Environment": "dev",
              "Project": "ai-admissions-assistant"
            },
            "tags_all": {
              "Environment": "dev",
              "Project": "ai-admissions-assistant"
            },
            "target": null,
            "version": ""
          },
          "sensitive_attributes": [],
          "private": "bnVsbA=="
        }
      ]
    },
    {
      "mode": "managed",
      "type": "aws_apigatewayv2_integration",
      "name": "lambda_integration",
      "provider": "provider[\"registry.terraform.io/hashicorp/aws\"]",
      "instances": [
        {
          "schema_version": 0,
          "attributes": {
            "api_id": "ookpvj4nh7",
            "connection_id": "",
            "connection_type": "INTERNET",
            "content_handling_strategy": "",
            "credentials_arn": "",
            "description": "",
            "id": "ki13lr8",
            "integration_method": "POST",
            "integration_response_selection_expression": "",
            "integration_subtype": "",
            "integration_type": "AWS_PROXY",
            "integration_uri": "arn:aws:apigateway:us-east-1:lambda:path/2015-03-31/functions/arn:aws:lambda:us-east-1:717279706981:function:ai-admissions-assistant-dev/invocations",
            "passthrough_behavior": "",
            "payload_format_version": "2.0",
            "request_parameters": {},
            "request_templates": {},
            "response_parameters": [],
            "template_selection_expression": "",
            "timeout_milliseconds": 30000,
            "tls_config": []
          },
          "sensitive_attributes": [],
          "private": "bnVsbA==",
          "dependencies": [
            "aws_apigatewayv2_api.http_api",
            "aws_iam_role.lambda_role",
            "aws_lambda_function.api_lambda",
            "aws_lambda_layer_version.app_dependencies_layer",
            "aws_lambda_layer_version.aws_sdk_layer",
            "aws_lambda_layer_version.scraping_dependencies_layer",
            "data.aws_secretsmanager_secret.openai_api_key"
          ]
        }
      ]
    },
    {
      "mode": "managed",
      "type": "aws_apigatewayv2_route",
      "name": "chat_route",
      "provider": "provider[\"registry.terraform.io/hashicorp/aws\"]",
      "instances": [
        {
          "schema_version": 0,
          "attributes": {
            "api_id": "ookpvj4nh7",
            "api_key_required": false,
            "authorization_scopes": [],
            "authorization_type": "NONE",
            "authorizer_id": "",
            "id": "bndkqhg",
            "model_selection_expression": "",
            "operation_name": "",
            "request_models": {},
            "request_parameter": [],
            "route_key": "POST /chat",
            "route_response_selection_expression": "",
            "target": "integrations/ki13lr8"
          },
          "sensitive_attributes": [],
          "private": "bnVsbA==",
          "dependencies": [
            "aws_apigatewayv2_api.http_api",
            "aws_apigatewayv2_integration.lambda_integration",
            "aws_iam_role.lambda_role",
            "aws_lambda_function.api_lambda",
            "aws_lambda_layer_version.app_dependencies_layer",
            "aws_lambda_layer_version.aws_sdk_layer",
            "aws_lambda_layer_version.scraping_dependencies_layer",
            "data.aws_secretsmanager_secret.openai_api_key"
          ]
        }
      ]
    },
    {
      "mode": "managed",
      "type": "aws_apigatewayv2_route",
      "name": "scrape_route",
      "provider": "provider[\"registry.terraform.io/hashicorp/aws\"]",
      "instances": [
        {
          "schema_version": 0,
          "attributes": {
            "api_id": "ookpvj4nh7",
            "api_key_required": false,
            "authorization_scopes": [],
            "authorization_type": "NONE",
            "authorizer_id": "",
            "id": "mvy0wgq",
            "model_selection_expression": "",
            "operation_name": "",
            "request_models": {},
            "request_parameter": [],
            "route_key": "POST /scrape",
            "route_response_selection_expression": "",
            "target": "integrations/ki13lr8"
          },
          "sensitive_attributes": [],
          "private": "bnVsbA==",
          "dependencies": [
            "aws_apigatewayv2_api.http_api",
            "aws_apigatewayv2_integration.lambda_integration",
            "aws_iam_role.lambda_role",
            "aws_lambda_function.api_lambda",
            "aws_lambda_layer_version.app_dependencies_layer",
            "aws_lambda_layer_version.aws_sdk_layer",
            "aws_lambda_layer_version.scraping_dependencies_layer",
            "data.aws_secretsmanager_secret.openai_api_key"
          ]
        }
      ]
    },
    {
      "mode": "managed",
      "type": "aws_apigatewayv2_stage",
      "name": "default_stage",
      "provider": "provider[\"registry.terraform.io/hashicorp/aws\"]",
      "instances": [
        {
          "schema_version": 0,
          "attributes": {
            "access_log_settings": [],
            "api_id": "ookpvj4nh7",
            "arn": "arn:aws:apigateway:us-east-1::/apis/ookpvj4nh7/stages/$default",
            "auto_deploy": true,
            "client_certificate_id": "",
            "default_route_settings": [
              {
                "data_trace_enabled": false,
                "detailed_metrics_enabled": false,
                "logging_level": "",
                "throttling_burst_limit": 0,
                "throttling_rate_limit": 0
              }
            ],
            "deployment_id": "ofb6of",
            "description": "",
            "execution_arn": "arn:aws:execute-api:us-east-1:717279706981:ookpvj4nh7/$default",
            "id": "$default",
            "invoke_url": "https://ookpvj4nh7.execute-api.us-east-1.amazonaws.com/",
            "name": "$default",
            "route_settings": [],
            "stage_variables": {},
            "tags": {
              "Environment": "dev",
              "Project": "ai-admissions-assistant"
            },
            "tags_all": {
              "Environment": "dev",
              "Project": "ai-admissions-assistant"
            }
          },
          "sensitive_attributes": [],
          "private": "bnVsbA==",
          "dependencies": [
            "aws_apigatewayv2_api.http_api"
          ]
        }
      ]
    },
    {
      "mode": "managed",
      "type": "aws_cloudwatch_event_rule",
      "name": "nightly_scrape",
      "provider": "provider[\"registry.terraform.io/hashicorp/aws\"]",
      "instances": [
        {
          "index_key": 0,
          "schema_version": 1,
          "attributes": {
            "arn": "arn:aws:events:us-east-1:717279706981:rule/ai-admissions-assistant-nightly-scrape-dev",
            "description": "Trigger scraping operation every night at midnight UTC",
            "event_bus_name": "default",
            "event_pattern": null,
            "force_destroy": false,
            "id": "ai-admissions-assistant-nightly-scrape-dev",
            "is_enabled": true,
            "name": "ai-admissions-assistant-nightly-scrape-dev",
            "name_prefix": "",
            "role_arn": "",
            "schedule_expression": "cron(0 0 * * ? *)",
            "state": "ENABLED",
            "tags": {
              "Environment": "dev",
              "Project": "ai-admissions-assistant"
            },
            "tags_all": {
              "Environment": "dev",
              "Project": "ai-admissions-assistant"
            }
          },
          "sensitive_attributes": [],
          "private": "eyJzY2hlbWFfdmVyc2lvbiI6IjEifQ=="
        }
      ]
    },
    {
      "mode": "managed",
      "type": "aws_cloudwatch_event_target",
      "name": "lambda_target",
      "provider": "provider[\"registry.terraform.io/hashicorp/aws\"]",
      "instances": [
        {
          "index_key": 0,
          "schema_version": 1,
          "attributes": {
            "appsync_target": [],
            "arn": "arn:aws:lambda:us-east-1:717279706981:function:ai-admissions-assistant-dev",
            "batch_target": [],
            "dead_letter_config": [],
            "ecs_target": [],
            "event_bus_name": "default",
            "force_destroy": false,
            "http_target": [],
            "id": "ai-admissions-assistant-nightly-scrape-dev-NightlyScrapeTarget",
            "input": "{\"body\":\"{}\",\"headers\":{\"content-type\":\"application/json\"},\"isBase64Encoded\":false,\"queryStringParameters\":{},\"rawPath\":\"/scrape\",\"rawQueryString\":\"\",\"requestContext\":{\"accountId\":\"scheduled-event\",\"apiId\":\"scheduled\",\"domainName\":\"scheduled.eventbridge\",\"domainPrefix\":\"scheduled\",\"http\":{\"method\":\"POST\",\"path\":\"/scrape\",\"protocol\":\"HTTP/1.1\",\"sourceIp\":\"0.0.0.0\",\"userAgent\":\"Amazon-EventBridge\"},\"requestId\":\"scheduled-request-id\",\"stage\":\"scheduled\",\"time\":\"scheduled\",\"timeEpoch\":0},\"routeKey\":\"POST /scrape\",\"version\":\"2.0\"}",
            "input_path": "",
            "input_transformer": [],
            "kinesis_target": [],
            "redshift_target": [],
            "retry_policy": [],
            "role_arn": "",
            "rule": "ai-admissions-assistant-nightly-scrape-dev",
            "run_command_targets": [],
            "sagemaker_pipeline_target": [],
            "sqs_target": [],
            "target_id": "NightlyScrapeTarget"
          },
          "sensitive_attributes": [],
          "private": "eyJzY2hlbWFfdmVyc2lvbiI6IjEifQ==",
          "dependencies": [
            "aws_cloudwatch_event_rule.nightly_scrape",
            "aws_iam_role.lambda_role",
            "aws_lambda_function.api_lambda",
            "aws_lambda_layer_version.app_dependencies_layer",
            "aws_lambda_layer_version.aws_sdk_layer",
            "aws_lambda_layer_version.scraping_dependencies_layer",
            "data.aws_secretsmanager_secret.openai_api_key"
          ]
        }
      ]
    },
    {
      "mode": "managed",
      "type": "aws_cloudwatch_log_group",
      "name": "lambda_log_group",
      "provider": "provider[\"registry.terraform.io/hashicorp/aws\"]",
      "instances": [
        {
          "schema_version": 0,
          "attributes": {
            "arn": "arn:aws:logs:us-east-1:717279706981:log-group:/aws/lambda/ai-admissions-assistant-dev",
            "id": "/aws/lambda/ai-admissions-assistant-dev",
            "kms_key_id": "",
            "log_group_class": "STANDARD",
            "name": "/aws/lambda/ai-admissions-assistant-dev",
            "name_prefix": "",
            "retention_in_days": 7,
            "skip_destroy": false,
            "tags": {
              "Environment": "dev",
              "Project": "ai-admissions-assistant"
            },
            "tags_all": {
              "Environment": "dev",
              "Project": "ai-admissions-assistant"
            }
          },
          "sensitive_attributes": [],
          "private": "bnVsbA==",
          "dependencies": [
            "aws_iam_role.lambda_role",
            "aws_lambda_function.api_lambda",
            "aws_lambda_layer_version.app_dependencies_layer",
            "aws_lambda_layer_version.aws_sdk_layer",
            "aws_lambda_layer_version.scraping_dependencies_layer",
            "data.aws_secretsmanager_secret.openai_api_key"
          ]
        }
      ]
    },
    {
      "mode": "managed",
      "type": "aws_iam_role",
      "name": "lambda_role",
      "provider": "provider[\"registry.terraform.io/hashicorp/aws\"]",
      "instances": [
        {
          "schema_version": 0,
          "attributes": {
            "arn": "arn:aws:iam::717279706981:role/ai-admissions-assistant-lambda-role-dev",
            "assume_role_policy": "{\"Statement\":[{\"Action\":\"sts:AssumeRole\",\"Effect\":\"Allow\",\"Principal\":{\"Service\":\"lambda.amazonaws.com\"}}],\"Version\":\"2012-10-17\"}",
            "create_date": "2025-10-19T12:33:58Z",
            "description": "",
            "force_detach_policies": false,
            "id": "ai-admissions-assistant-lambda-role-dev",
            "inline_policy": [
              {
                "name": "ai-admissions-assistant-lambda-secrets-manager-dev",
                "policy": "{\"Version\":\"2012-10-17\",\"Statement\":[{\"Action\":[\"secretsmanager:GetSecretValue\"],\"Effect\":\"Allow\",\"Resource\":\"arn:aws:secretsmanager:us-east-1:717279706981:secret:ai-admissions-assistant-openai-api-key-dev-sV3rTi\"}]}"
              }
            ],
            "managed_policy_arns": [
              "arn:aws:iam::aws:policy/service-role/AWSLambdaBasicExecutionRole"
            ],
            "max_session_duration": 3600,
            "name": "ai-admissions-assistant-lambda-role-dev",
            "name_prefix": "",
            "path": "/",
            "permissions_boundary": "",
            "tags": {
              "Environment": "dev",
              "Project": "ai-admissions-assistant"
            },
            "tags_all": {
              "Environment": "dev",
              "Project": "ai-admissions-assistant"
            },
            "unique_id": "AROA2OAJTX5S3KNJ5OGC2"
          },
          "sensitive_attributes": [],
          "private": "bnVsbA=="
        }
      ]
    },
    {
      "mode": "managed",
      "type": "aws_iam_role_policy",
      "name": "lambda_secrets_manager",
      "provider": "provider[\"registry.terraform.io/hashicorp/aws\"]",
      "instances": [
        {
          "schema_version": 0,
          "attributes": {
            "id": "ai-admissions-assistant-lambda-role-dev:ai-admissions-assistant-lambda-secrets-manager-dev",
            "name": "ai-admissions-assistant-lambda-secrets-manager-dev",
            "name_prefix": "",
            "policy": "{\"Version\":\"2012-10-17\",\"Statement\":[{\"Action\":[\"secretsmanager:GetSecretValue\"],\"Effect\":\"Allow\",\"Resource\":\"arn:aws:secretsmanager:us-east-1:717279706981:secret:ai-admissions-assistant-openai-api-key-dev-sV3rTi\"}]}",
            "role": "ai-admissions-assistant-lambda-role-dev"
          },
          "sensitive_attributes": [],
          "private": "bnVsbA==",
          "dependencies": [
            "aws_iam_role.lambda_role",
            "data.aws_secretsmanager_secret.openai_api_key"
          ]
        }
      ]
    },
    {
      "mode": "managed",
      "type": "aws_iam_role_policy_attachment",
      "name": "lambda_basic_execution",
      "provider": "provider[\"registry.terraform.io/hashicorp/aws\"]",
      "instances": [
        {
          "schema_version": 0,
          "attributes": {
            "id": "ai-admissions-assistant-lambda-role-dev-20251019123358934700000001",
            "policy_arn": "arn:aws:iam::aws:policy/service-role/AWSLambdaBasicExecutionRole",
            "role": "ai-admissions-assistant-lambda-role-dev"
          },
          "sensitive_attributes": [],
          "private": "bnVsbA==",
          "dependencies": [
            "aws_iam_role.lambda_role"
          ]
        }
      ]
    },
    {
      "mode": "managed",
      "type": "aws_lambda_function",
      "name": "api_lambda",
      "provider": "provider[\"registry.terraform.io/hashicorp/aws\"]",
      "instances": [
        {
          "schema_version": 0,
          "attributes": {
            "architectures": [
              "x86_64"
            ],
            "arn": "arn:aws:lambda:us-east-1:717279706981:function:ai-admissions-assistant-dev",
            "code_sha256": "5hTpdAUwtSmDbuwah9oAbQeGzvwB8ysVdYhzE/xDEZo=",
            "code_signing_config_arn": "",
            "dead_letter_config": [],
            "description": "",
            "environment": [
              {
                "variables": {
                  "ENVIRONMENT": "dev",
                  "OPENAI_API_KEY_SECRET": "ai-admissions-assistant-openai-api-key-dev",
                  "OPENAI_ASSISTANT_ID": "asst_H84O9WJdBt17YC8tgwZHJ3hr",
                  "OPENAI_VECTOR_STORE_ID": "vs_690970504a9c81919aa1f06f6545253e"
                }
              }
            ],
            "ephemeral_storage": [
              {
                "size": 512
              }
            ],
            "file_system_config": [],
            "filename": "/Users/alanjohnson/Developer/Projects/aiAdmissionsAssistant/Server/build/lambda_deployment.zip",
            "function_name": "ai-admissions-assistant-dev",
            "handler": "handler.lambda_handler",
            "id": "ai-admissions-assistant-dev",
            "image_config": [],
            "image_uri": "",
            "invoke_arn": "arn:aws:apigateway:us-east-1:lambda:path/2015-03-31/functions/arn:aws:lambda:us-east-1:717279706981:function:ai-admissions-assistant-dev/invocations",
            "kms_key_arn": "",
            "last_modified": "2025-11-06T12:06:10.000+0000",
            "layers": [
              "arn:aws:lambda:us-east-1:717279706981:layer:ai-admissions-assistant-aws-sdk-dev:25",
              "arn:aws:lambda:us-east-1:717279706981:layer:ai-admissions-assistant-app-dependencies-dev:24",
              "arn:aws:lambda:us-east-1:717279706981:layer:ai-admissions-assistant-scraping-dependencies-dev:24"
            ],
            "logging_config": [
              {
                "application_log_level": "",
                "log_format": "Text",
                "log_group": "/aws/lambda/ai-admissions-assistant-dev",
                "system_log_level": ""
              }
            ],
            "memory_size": 512,
            "package_type": "Zip",
            "publish": false,
            "qualified_arn": "arn:aws:lambda:us-east-1:717279706981:function:ai-admissions-assistant-dev:$LATEST",
            "qualified_invoke_arn": "arn:aws:apigateway:us-east-1:lambda:path/2015-03-31/functions/arn:aws:lambda:us-east-1:717279706981:function:ai-admissions-assistant-dev:$LATEST/invocations",
            "replace_security_groups_on_destroy": null,
            "replacement_security_group_ids": null,
            "reserved_concurrent_executions": -1,
            "role": "arn:aws:iam::717279706981:role/ai-admissions-assistant-lambda-role-dev",
            "runtime": "python3.13",
            "s3_bucket": null,
            "s3_key": null,
            "s3_object_version": null,
            "signing_job_arn": "",
            "signing_profile_version_arn": "",
            "skip_destroy": false,
            "snap_start": [],
            "source_code_hash": "5hTpdAUwtSmDbuwah9oAbQeGzvwB8ysVdYhzE/xDEZo=",
            "source_code_size": 73127,
            "tags": {
              "Environment": "dev",
              "Project": "ai-admissions-assistant"
            },
            "tags_all": {
              "Environment": "dev",
              "Project": "ai-admissions-assistant"
            },
            "timeout": 90,
            "timeouts": null,
            "tracing_config": [
              {
                "mode": "PassThrough"
              }
            ],
            "version": "$LATEST",
            "vpc_config": []
          },
          "sensitive_attributes": [],
          "private": "eyJlMmJmYjczMC1lY2FhLTExZTYtOGY4OC0zNDM2M2JjN2M0YzAiOnsiY3JlYXRlIjo2MDAwMDAwMDAwMDAsImRlbGV0ZSI6NjAwMDAwMDAwMDAwLCJ1cGRhdGUiOjYwMDAwMDAwMDAwMH19",
          "dependencies": [
            "aws_iam_role.lambda_role",
            "aws_lambda_layer_version.app_dependencies_layer",
            "aws_lambda_layer_version.aws_sdk_layer",
            "aws_lambda_layer_version.scraping_dependencies_layer",
            "data.aws_secretsmanager_secret.openai_api_key"
          ]
        }
      ]
    },
    {
      "mode": "managed",
      "type": "aws_lambda_layer_version",
      "name": "app_dependencies_layer",
      "provider": "provider[\"registry.terraform.io/hashicorp/aws\"]",
      "instances": [
        {
          "schema_version": 0,
          "attributes": {
            "arn": "arn:aws:lambda:us-east-1:717279706981:layer:ai-admissions-assistant-app-dependencies-dev:24",
            "code_sha256": "SnJZrY6++ttpBVgeq7vrzHUFDfZU8ooYzL/PlYhKK7s=",
            "compatible_architectures": null,
            "compatible_runtimes": [
              "python3.13"
            ],
            "created_date": "2025-11-06T12:06:04.487+0000",
            "description": "Application dependencies for ai-admissions-assistant",
            "filename": "/Users/alanjohnson/Developer/Projects/aiAdmissionsAssistant/Server/build/lambda_layer_app.zip",
            "id": "arn:aws:lambda:us-east-1:717279706981:layer:ai-admissions-assistant-app-dependencies-dev:24",
            "layer_arn": "arn:aws:lambda:us-east-1:717279706981:layer:ai-admissions-assistant-app-dependencies-dev",
            "layer_name": "ai-admissions-assistant-app-dependencies-dev",
            "license_info": "",
            "s3_bucket": null,
            "s3_key": null,
            "s3_object_version": null,
            "signing_job_arn": "",
            "signing_profile_version_arn": "",
            "skip_destroy": false,
            "source_code_hash": "SnJZrY6++ttpBVgeq7vrzHUFDfZU8ooYzL/PlYhKK7s=",
            "source_code_size": 24028849,
            "version": "24"
          },
          "sensitive_attributes": [],
          "private": "bnVsbA=="
        }
      ]
    },
    {
      "mode": "managed",
      "type": "aws_lambda_layer_version",
      "name": "aws_sdk_layer",
      "provider": "provider[\"registry.terraform.io/hashicorp/aws\"]",
      "instances": [
        {
          "schema_version": 0,
          "attributes": {
            "arn": "arn:aws:lambda:us-east-1:717279706981:layer:ai-admissions-assistant-aws-sdk-dev:25",
            "code_sha256": "/L6EJb8wcYsGgE5vHgv/unN9bEGCKrFSwJtw6yP5ZZM=",
            "compatible_architectures": null,
            "compatible_runtimes": [
              "python3.13"
            ],
            "created_date": "2025-11-06T12:05:32.695+0000",
            "description": "AWS SDK dependencies for ai-admissions-assistant",
            "filename": "/Users/alanjohnson/Developer/Projects/aiAdmissionsAssistant/Server/build/lambda_layer_aws.zip",
            "id": "arn:aws:lambda:us-east-1:717279706981:layer:ai-admissions-assistant-aws-sdk-dev:25",
            "layer_arn": "arn:aws:lambda:us-east-1:717279706981:layer:ai-admissions-assistant-aws-sdk-dev",
            "layer_name": "ai-admissions-assistant-aws-sdk-dev",
            "license_info": "",
            "s3_bucket": null,
            "s3_key": null,
            "s3_object_version": null,
            "signing_job_arn": "",
            "signing_profile_version_arn": "",
            "skip_destroy": false,
            "source_code_hash": "/L6EJb8wcYsGgE5vHgv/unN9bEGCKrFSwJtw6yP5ZZM=",
            "source_code_size": 16590175,
            "version": "25"
          },
          "sensitive_attributes": [],
          "private": "bnVsbA=="
        }
      ]
    },
    {
      "mode": "managed",
      "type": "aws_lambda_layer_version",
      "name": "scraping_dependencies_layer",
      "provider": "provider[\"registry.terraform.io/hashicorp/aws\"]",
      "instances": [
        {
          "schema_version": 0,
          "attributes": {
            "arn": "arn:aws:lambda:us-east-1:717279706981:layer:ai-admissions-assistant-scraping-dependencies-dev:24",
            "code_sha256": "Fyoi393bIJNqqoTzb0i2Gvutf6S0vbma4Gl8BV81fYU=",
            "compatible_architectures": null,
            "compatible_runtimes": [
              "python3.13"
            ],
            "created_date": "2025-11-06T12:05:09.864+0000",
            "description": "Web scraping dependencies for ai-admissions-assistant",
            "filename": "/Users/alanjohnson/Developer/Projects/aiAdmissionsAssistant/Server/build/lambda_layer_scraping.zip",
            "id": "arn:aws:lambda:us-east-1:717279706981:layer:ai-admissions-assistant-scraping-dependencies-dev:24",
            "layer_arn": "arn:aws:lambda:us-east-1:717279706981:layer:ai-admissions-assistant-scraping-dependencies-dev",
            "layer_name": "ai-admissions-assistant-scraping-dependencies-dev",
            "license_info": "",
            "s3_bucket": null,
            "s3_key": null,
            "s3_object_version": null,
            "signing_job_arn": "",
            "signing_profile_version_arn": "",
            "skip_destroy": false,
            "source_code_hash": "Fyoi393bIJNqqoTzb0i2Gvutf6S0vbma4Gl8BV81fYU=",
            "source_code_size": 1581812,
            "version": "24"
          },
          "sensitive_attributes": [],
          "private": "bnVsbA=="
        }
      ]
    },
    {
      "mode": "managed",
      "type": "aws_lambda_permission",
      "name": "api_gateway_invoke",
      "provider": "provider[\"registry.terraform.io/hashicorp/aws\"]",
      "instances": [
        {
          "schema_version": 0,
          "attributes": {
            "action": "lambda:InvokeFunction",
            "event_source_token": null,
            "function_name": "ai-admissions-assistant-dev",
            "function_url_auth_type": null,
            "id": "AllowAPIGatewayInvoke",
            "principal": "apigateway.amazonaws.com",
            "principal_org_id": null,
            "qualifier": "",
            "source_account": null,
            "source_arn": "arn:aws:execute-api:us-east-1:717279706981:ookpvj4nh7/*/*",
            "statement_id": "AllowAPIGatewayInvoke",
            "statement_id_prefix": ""
          },
          "sensitive_attributes": [],
          "private": "bnVsbA==",
          "dependencies": [
            "aws_apigatewayv2_api.http_api",
            "aws_iam_role.lambda_role",
            "aws_lambda_function.api_lambda",
            "aws_lambda_layer_version.app_dependencies_layer",
            "aws_lambda_layer_version.aws_sdk_layer",
            "aws_lambda_layer_version.scraping_dependencies_layer",
            "data.aws_secretsmanager_secret.openai_api_key"
          ]
        }
      ]
    },
    {
      "mode": "managed",
      "type": "aws_lambda_permission",
      "name": "eventbridge_invoke",
      "provider": "provider[\"registry.terraform.io/hashicorp/aws\"]",
      "instances": [
        {
          "index_key": 0,
          "schema_version": 0,
          "attributes": {
            "action": "lambda:InvokeFunction",
            "event_source_token": null,
            "function_name": "ai-admissions-assistant-dev",
            "function_url_auth_type": null,
            "id": "AllowEventBridgeInvoke-dev",
            "principal": "events.amazonaws.com",
            "principal_org_id": null,
            "qualifier": "",
            "source_account": null,
            "source_arn": "arn:aws:events:us-east-1:717279706981:rule/ai-admissions-assistant-nightly-scrape-dev",
            "statement_id": "AllowEventBridgeInvoke-dev",
            "statement_id_prefix": ""
          },
          "sensitive_attributes": [],
          "private": "bnVsbA==",
          "dependencies": [
            "aws_cloudwatch_event_rule.nightly_scrape",
            "aws_iam_role.lambda_role",
            "aws_lambda_function.api_lambda",
            "aws_lambda_layer_version.app_dependencies_layer",
            "aws_lambda_layer_version.aws_sdk_layer",
            "aws_lambda_layer_version.scraping_dependencies_layer",
            "data.aws_secretsmanager_secret.openai_api_key"
          ]
        }
      ]
    }
  ],
  "check_results": null
}
