{
  "version": 4,
  "terraform_version": "1.10.4",
  "serial": 65,
  "lineage": "696d68e3-8d5f-5579-00df-32b33ef8b52b",
  "outputs": {
    "api_gateway_id": {
      "value": "ookpvj4nh7",
      "type": "string"
    },
    "api_gateway_url": {
      "value": "https://ookpvj4nh7.execute-api.us-east-1.amazonaws.com",
      "type": "string"
    },
    "chat_endpoint": {
      "value": "https://ookpvj4nh7.execute-api.us-east-1.amazonaws.com/chat",
      "type": "string"
    },
    "cloudwatch_log_group": {
      "value": "/aws/lambda/ai-admissions-assistant-dev",
      "type": "string"
    },
    "lambda_function_arn": {
      "value": "arn:aws:lambda:us-east-1:717279706981:function:ai-admissions-assistant-dev",
      "type": "string"
    },
    "lambda_function_name": {
      "value": "ai-admissions-assistant-dev",
      "type": "string"
    },
    "lambda_layers": {
      "value": [
        "arn:aws:lambda:us-east-1:717279706981:layer:ai-admissions-assistant-aws-sdk-dev:7",
        "arn:aws:lambda:us-east-1:717279706981:layer:ai-admissions-assistant-app-dependencies-dev:6",
        "arn:aws:lambda:us-east-1:717279706981:layer:ai-admissions-assistant-scraping-dependencies-dev:6"
      ],
      "type": [
        "list",
        "string"
      ]
    },
    "scrape_endpoint": {
      "value": "https://ookpvj4nh7.execute-api.us-east-1.amazonaws.com/scrape",
      "type": "string"
    }
  },
  "resources": [
    {
      "mode": "data",
      "type": "aws_secretsmanager_secret",
      "name": "openai_api_key",
      "provider": "provider[\"registry.terraform.io/hashicorp/aws\"]",
      "instances": [
        {
          "schema_version": 0,
          "attributes": {
            "arn": "arn:aws:secretsmanager:us-east-1:717279706981:secret:ai-admissions-assistant-openai-api-key-dev-sV3rTi",
            "created_date": "2025-10-22T12:07:24Z",
            "description": "OpenAI API Key for AI Admissions Assistant",
            "id": "arn:aws:secretsmanager:us-east-1:717279706981:secret:ai-admissions-assistant-openai-api-key-dev-sV3rTi",
            "kms_key_id": "",
            "last_changed_date": "2025-10-22T12:07:24Z",
            "name": "ai-admissions-assistant-openai-api-key-dev",
            "policy": "",
            "tags": {}
          },
          "sensitive_attributes": []
        }
      ]
    },
    {
      "mode": "data",
      "type": "aws_secretsmanager_secret_version",
      "name": "openai_api_key",
      "provider": "provider[\"registry.terraform.io/hashicorp/aws\"]",
      "instances": [
        {
          "schema_version": 0,
          "attributes": {
            "arn": "arn:aws:secretsmanager:us-east-1:717279706981:secret:ai-admissions-assistant-openai-api-key-dev-sV3rTi",
            "created_date": "2025-10-22T12:07:24Z",
            "id": "arn:aws:secretsmanager:us-east-1:717279706981:secret:ai-admissions-assistant-openai-api-key-dev-sV3rTi|AWSCURRENT",
            "secret_binary": "",
            "secret_id": "arn:aws:secretsmanager:us-east-1:717279706981:secret:ai-admissions-assistant-openai-api-key-dev-sV3rTi",
            "secret_string": "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",
            "version_id": "4add27fc-b146-4ce1-840f-5ff7d1f1e460",
            "version_stage": "AWSCURRENT",
            "version_stages": [
              "AWSCURRENT"
            ]
          },
          "sensitive_attributes": [
            [
              {
                "type": "get_attr",
                "value": "secret_binary"
              }
            ],
            [
              {
                "type": "get_attr",
                "value": "secret_string"
              }
            ]
          ]
        }
      ]
    },
    {
      "mode": "managed",
      "type": "aws_apigatewayv2_api",
      "name": "http_api",
      "provider": "provider[\"registry.terraform.io/hashicorp/aws\"]",
      "instances": [
        {
          "schema_version": 0,
          "attributes": {
            "api_endpoint": "https://ookpvj4nh7.execute-api.us-east-1.amazonaws.com",
            "api_key_selection_expression": "$request.header.x-api-key",
            "arn": "arn:aws:apigateway:us-east-1::/apis/ookpvj4nh7",
            "body": null,
            "cors_configuration": [
              {
                "allow_credentials": false,
                "allow_headers": [
                  "authorization",
                  "content-type",
                  "x-amz-date",
                  "x-amz-security-token",
                  "x-api-key"
                ],
                "allow_methods": [
                  "DELETE",
                  "GET",
                  "OPTIONS",
                  "POST",
                  "PUT"
                ],
                "allow_origins": [
                  "*"
                ],
                "expose_headers": [],
                "max_age": 300
              }
            ],
            "credentials_arn": null,
            "description": "",
            "disable_execute_api_endpoint": false,
            "execution_arn": "arn:aws:execute-api:us-east-1:717279706981:ookpvj4nh7",
            "fail_on_warnings": null,
            "id": "ookpvj4nh7",
            "ip_address_type": "ipv4",
            "name": "ai-admissions-assistant-api-dev",
            "protocol_type": "HTTP",
            "route_key": null,
            "route_selection_expression": "$request.method $request.path",
            "tags": {
              "Environment": "dev",
              "Project": "ai-admissions-assistant"
            },
            "tags_all": {
              "Environment": "dev",
              "Project": "ai-admissions-assistant"
            },
            "target": null,
            "version": ""
          },
          "sensitive_attributes": [],
          "private": "bnVsbA=="
        }
      ]
    },
    {
      "mode": "managed",
      "type": "aws_apigatewayv2_integration",
      "name": "lambda_integration",
      "provider": "provider[\"registry.terraform.io/hashicorp/aws\"]",
      "instances": [
        {
          "schema_version": 0,
          "attributes": {
            "api_id": "ookpvj4nh7",
            "connection_id": "",
            "connection_type": "INTERNET",
            "content_handling_strategy": "",
            "credentials_arn": "",
            "description": "",
            "id": "ki13lr8",
            "integration_method": "POST",
            "integration_response_selection_expression": "",
            "integration_subtype": "",
            "integration_type": "AWS_PROXY",
            "integration_uri": "arn:aws:apigateway:us-east-1:lambda:path/2015-03-31/functions/arn:aws:lambda:us-east-1:717279706981:function:ai-admissions-assistant-dev/invocations",
            "passthrough_behavior": "",
            "payload_format_version": "2.0",
            "request_parameters": {},
            "request_templates": {},
            "response_parameters": [],
            "template_selection_expression": "",
            "timeout_milliseconds": 30000,
            "tls_config": []
          },
          "sensitive_attributes": [],
          "private": "bnVsbA==",
          "dependencies": [
            "aws_apigatewayv2_api.http_api",
            "aws_iam_role.lambda_role",
            "aws_lambda_function.api_lambda",
            "aws_lambda_layer_version.app_dependencies_layer",
            "aws_lambda_layer_version.aws_sdk_layer",
            "aws_lambda_layer_version.scraping_dependencies_layer",
            "data.aws_secretsmanager_secret.openai_api_key"
          ]
        }
      ]
    },
    {
      "mode": "managed",
      "type": "aws_apigatewayv2_route",
      "name": "chat_route",
      "provider": "provider[\"registry.terraform.io/hashicorp/aws\"]",
      "instances": [
        {
          "schema_version": 0,
          "attributes": {
            "api_id": "ookpvj4nh7",
            "api_key_required": false,
            "authorization_scopes": [],
            "authorization_type": "NONE",
            "authorizer_id": "",
            "id": "bndkqhg",
            "model_selection_expression": "",
            "operation_name": "",
            "request_models": {},
            "request_parameter": [],
            "route_key": "POST /chat",
            "route_response_selection_expression": "",
            "target": "integrations/ki13lr8"
          },
          "sensitive_attributes": [],
          "private": "bnVsbA==",
          "dependencies": [
            "aws_apigatewayv2_api.http_api",
            "aws_apigatewayv2_integration.lambda_integration",
            "aws_iam_role.lambda_role",
            "aws_lambda_function.api_lambda",
            "aws_lambda_layer_version.app_dependencies_layer",
            "aws_lambda_layer_version.aws_sdk_layer",
            "aws_lambda_layer_version.scraping_dependencies_layer",
            "data.aws_secretsmanager_secret.openai_api_key"
          ]
        }
      ]
    },
    {
      "mode": "managed",
      "type": "aws_apigatewayv2_route",
      "name": "scrape_route",
      "provider": "provider[\"registry.terraform.io/hashicorp/aws\"]",
      "instances": [
        {
          "schema_version": 0,
          "attributes": {
            "api_id": "ookpvj4nh7",
            "api_key_required": false,
            "authorization_scopes": [],
            "authorization_type": "NONE",
            "authorizer_id": "",
            "id": "mvy0wgq",
            "model_selection_expression": "",
            "operation_name": "",
            "request_models": {},
            "request_parameter": [],
            "route_key": "POST /scrape",
            "route_response_selection_expression": "",
            "target": "integrations/ki13lr8"
          },
          "sensitive_attributes": [],
          "private": "bnVsbA==",
          "dependencies": [
            "aws_apigatewayv2_api.http_api",
            "aws_apigatewayv2_integration.lambda_integration",
            "aws_iam_role.lambda_role",
            "aws_lambda_function.api_lambda",
            "aws_lambda_layer_version.app_dependencies_layer",
            "aws_lambda_layer_version.aws_sdk_layer",
            "aws_lambda_layer_version.scraping_dependencies_layer",
            "data.aws_secretsmanager_secret.openai_api_key"
          ]
        }
      ]
    },
    {
      "mode": "managed",
      "type": "aws_apigatewayv2_stage",
      "name": "default_stage",
      "provider": "provider[\"registry.terraform.io/hashicorp/aws\"]",
      "instances": [
        {
          "schema_version": 0,
          "attributes": {
            "access_log_settings": [],
            "api_id": "ookpvj4nh7",
            "arn": "arn:aws:apigateway:us-east-1::/apis/ookpvj4nh7/stages/$default",
            "auto_deploy": true,
            "client_certificate_id": "",
            "default_route_settings": [
              {
                "data_trace_enabled": false,
                "detailed_metrics_enabled": false,
                "logging_level": "",
                "throttling_burst_limit": 0,
                "throttling_rate_limit": 0
              }
            ],
            "deployment_id": "ofb6of",
            "description": "",
            "execution_arn": "arn:aws:execute-api:us-east-1:717279706981:ookpvj4nh7/$default",
            "id": "$default",
            "invoke_url": "https://ookpvj4nh7.execute-api.us-east-1.amazonaws.com/",
            "name": "$default",
            "route_settings": [],
            "stage_variables": {},
            "tags": {
              "Environment": "dev",
              "Project": "ai-admissions-assistant"
            },
            "tags_all": {
              "Environment": "dev",
              "Project": "ai-admissions-assistant"
            }
          },
          "sensitive_attributes": [],
          "private": "bnVsbA==",
          "dependencies": [
            "aws_apigatewayv2_api.http_api"
          ]
        }
      ]
    },
    {
      "mode": "managed",
      "type": "aws_cloudwatch_log_group",
      "name": "lambda_log_group",
      "provider": "provider[\"registry.terraform.io/hashicorp/aws\"]",
      "instances": [
        {
          "schema_version": 0,
          "attributes": {
            "arn": "arn:aws:logs:us-east-1:717279706981:log-group:/aws/lambda/ai-admissions-assistant-dev",
            "id": "/aws/lambda/ai-admissions-assistant-dev",
            "kms_key_id": "",
            "log_group_class": "STANDARD",
            "name": "/aws/lambda/ai-admissions-assistant-dev",
            "name_prefix": "",
            "retention_in_days": 7,
            "skip_destroy": false,
            "tags": {
              "Environment": "dev",
              "Project": "ai-admissions-assistant"
            },
            "tags_all": {
              "Environment": "dev",
              "Project": "ai-admissions-assistant"
            }
          },
          "sensitive_attributes": [],
          "private": "bnVsbA==",
          "dependencies": [
            "aws_iam_role.lambda_role",
            "aws_lambda_function.api_lambda",
            "aws_lambda_layer_version.app_dependencies_layer",
            "aws_lambda_layer_version.aws_sdk_layer",
            "aws_lambda_layer_version.scraping_dependencies_layer",
            "data.aws_secretsmanager_secret.openai_api_key"
          ]
        }
      ]
    },
    {
      "mode": "managed",
      "type": "aws_iam_role",
      "name": "lambda_role",
      "provider": "provider[\"registry.terraform.io/hashicorp/aws\"]",
      "instances": [
        {
          "schema_version": 0,
          "attributes": {
            "arn": "arn:aws:iam::717279706981:role/ai-admissions-assistant-lambda-role-dev",
            "assume_role_policy": "{\"Statement\":[{\"Action\":\"sts:AssumeRole\",\"Effect\":\"Allow\",\"Principal\":{\"Service\":\"lambda.amazonaws.com\"}}],\"Version\":\"2012-10-17\"}",
            "create_date": "2025-10-19T12:33:58Z",
            "description": "",
            "force_detach_policies": false,
            "id": "ai-admissions-assistant-lambda-role-dev",
            "inline_policy": [
              {
                "name": "ai-admissions-assistant-lambda-secrets-manager-dev",
                "policy": "{\"Version\":\"2012-10-17\",\"Statement\":[{\"Action\":[\"secretsmanager:GetSecretValue\"],\"Effect\":\"Allow\",\"Resource\":\"arn:aws:secretsmanager:us-east-1:717279706981:secret:ai-admissions-assistant-openai-api-key-dev-sV3rTi\"}]}"
              }
            ],
            "managed_policy_arns": [
              "arn:aws:iam::aws:policy/service-role/AWSLambdaBasicExecutionRole"
            ],
            "max_session_duration": 3600,
            "name": "ai-admissions-assistant-lambda-role-dev",
            "name_prefix": "",
            "path": "/",
            "permissions_boundary": "",
            "tags": {
              "Environment": "dev",
              "Project": "ai-admissions-assistant"
            },
            "tags_all": {
              "Environment": "dev",
              "Project": "ai-admissions-assistant"
            },
            "unique_id": "AROA2OAJTX5S3KNJ5OGC2"
          },
          "sensitive_attributes": [],
          "private": "bnVsbA=="
        }
      ]
    },
    {
      "mode": "managed",
      "type": "aws_iam_role_policy",
      "name": "lambda_secrets_manager",
      "provider": "provider[\"registry.terraform.io/hashicorp/aws\"]",
      "instances": [
        {
          "schema_version": 0,
          "attributes": {
            "id": "ai-admissions-assistant-lambda-role-dev:ai-admissions-assistant-lambda-secrets-manager-dev",
            "name": "ai-admissions-assistant-lambda-secrets-manager-dev",
            "name_prefix": "",
            "policy": "{\"Version\":\"2012-10-17\",\"Statement\":[{\"Action\":[\"secretsmanager:GetSecretValue\"],\"Effect\":\"Allow\",\"Resource\":\"arn:aws:secretsmanager:us-east-1:717279706981:secret:ai-admissions-assistant-openai-api-key-dev-sV3rTi\"}]}",
            "role": "ai-admissions-assistant-lambda-role-dev"
          },
          "sensitive_attributes": [],
          "private": "bnVsbA==",
          "dependencies": [
            "aws_iam_role.lambda_role",
            "data.aws_secretsmanager_secret.openai_api_key"
          ]
        }
      ]
    },
    {
      "mode": "managed",
      "type": "aws_iam_role_policy_attachment",
      "name": "lambda_basic_execution",
      "provider": "provider[\"registry.terraform.io/hashicorp/aws\"]",
      "instances": [
        {
          "schema_version": 0,
          "attributes": {
            "id": "ai-admissions-assistant-lambda-role-dev-20251019123358934700000001",
            "policy_arn": "arn:aws:iam::aws:policy/service-role/AWSLambdaBasicExecutionRole",
            "role": "ai-admissions-assistant-lambda-role-dev"
          },
          "sensitive_attributes": [],
          "private": "bnVsbA==",
          "dependencies": [
            "aws_iam_role.lambda_role"
          ]
        }
      ]
    },
    {
      "mode": "managed",
      "type": "aws_lambda_function",
      "name": "api_lambda",
      "provider": "provider[\"registry.terraform.io/hashicorp/aws\"]",
      "instances": [
        {
          "schema_version": 0,
          "attributes": {
            "architectures": [
              "x86_64"
            ],
            "arn": "arn:aws:lambda:us-east-1:717279706981:function:ai-admissions-assistant-dev",
            "code_sha256": "qdstPRQhWXuFuS95apBIxvr4yMtPFSpp8FuN5aAJXxo=",
            "code_signing_config_arn": "",
            "dead_letter_config": [],
            "description": "",
            "environment": [
              {
                "variables": {
                  "ENVIRONMENT": "dev",
                  "OPENAI_API_KEY_SECRET": "ai-admissions-assistant-openai-api-key-dev"
                }
              }
            ],
            "ephemeral_storage": [
              {
                "size": 512
              }
            ],
            "file_system_config": [],
            "filename": "/Users/alanjohnson/Developer/Projects/aiAdmissionsAssistant/Server/build/lambda_deployment.zip",
            "function_name": "ai-admissions-assistant-dev",
            "handler": "handler.lambda_handler",
            "id": "ai-admissions-assistant-dev",
            "image_config": [],
            "image_uri": "",
            "invoke_arn": "arn:aws:apigateway:us-east-1:lambda:path/2015-03-31/functions/arn:aws:lambda:us-east-1:717279706981:function:ai-admissions-assistant-dev/invocations",
            "kms_key_arn": "",
            "last_modified": "2025-10-23T01:07:20.000+0000",
            "layers": [
              "arn:aws:lambda:us-east-1:717279706981:layer:ai-admissions-assistant-aws-sdk-dev:7",
              "arn:aws:lambda:us-east-1:717279706981:layer:ai-admissions-assistant-app-dependencies-dev:6",
              "arn:aws:lambda:us-east-1:717279706981:layer:ai-admissions-assistant-scraping-dependencies-dev:6"
            ],
            "logging_config": [
              {
                "application_log_level": "",
                "log_format": "Text",
                "log_group": "/aws/lambda/ai-admissions-assistant-dev",
                "system_log_level": ""
              }
            ],
            "memory_size": 512,
            "package_type": "Zip",
            "publish": false,
            "qualified_arn": "arn:aws:lambda:us-east-1:717279706981:function:ai-admissions-assistant-dev:$LATEST",
            "qualified_invoke_arn": "arn:aws:apigateway:us-east-1:lambda:path/2015-03-31/functions/arn:aws:lambda:us-east-1:717279706981:function:ai-admissions-assistant-dev:$LATEST/invocations",
            "replace_security_groups_on_destroy": null,
            "replacement_security_group_ids": null,
            "reserved_concurrent_executions": -1,
            "role": "arn:aws:iam::717279706981:role/ai-admissions-assistant-lambda-role-dev",
            "runtime": "python3.13",
            "s3_bucket": null,
            "s3_key": null,
            "s3_object_version": null,
            "signing_job_arn": "",
            "signing_profile_version_arn": "",
            "skip_destroy": false,
            "snap_start": [],
            "source_code_hash": "qdstPRQhWXuFuS95apBIxvr4yMtPFSpp8FuN5aAJXxo=",
            "source_code_size": 35243,
            "tags": {
              "Environment": "dev",
              "Project": "ai-admissions-assistant"
            },
            "tags_all": {
              "Environment": "dev",
              "Project": "ai-admissions-assistant"
            },
            "timeout": 30,
            "timeouts": null,
            "tracing_config": [
              {
                "mode": "PassThrough"
              }
            ],
            "version": "$LATEST",
            "vpc_config": []
          },
          "sensitive_attributes": [],
          "private": "eyJlMmJmYjczMC1lY2FhLTExZTYtOGY4OC0zNDM2M2JjN2M0YzAiOnsiY3JlYXRlIjo2MDAwMDAwMDAwMDAsImRlbGV0ZSI6NjAwMDAwMDAwMDAwLCJ1cGRhdGUiOjYwMDAwMDAwMDAwMH19",
          "dependencies": [
            "aws_iam_role.lambda_role",
            "aws_lambda_layer_version.app_dependencies_layer",
            "aws_lambda_layer_version.aws_sdk_layer",
            "aws_lambda_layer_version.scraping_dependencies_layer",
            "data.aws_secretsmanager_secret.openai_api_key"
          ]
        }
      ]
    },
    {
      "mode": "managed",
      "type": "aws_lambda_layer_version",
      "name": "app_dependencies_layer",
      "provider": "provider[\"registry.terraform.io/hashicorp/aws\"]",
      "instances": [
        {
          "schema_version": 0,
          "attributes": {
            "arn": "arn:aws:lambda:us-east-1:717279706981:layer:ai-admissions-assistant-app-dependencies-dev:6",
            "code_sha256": "e4ZpXpcLkLkadSIbGq9c2sNAbnrfqIdzYmAgnS1pYU0=",
            "compatible_architectures": null,
            "compatible_runtimes": [
              "python3.13"
            ],
            "created_date": "2025-10-23T01:07:13.525+0000",
            "description": "Application dependencies for ai-admissions-assistant",
            "filename": "/Users/alanjohnson/Developer/Projects/aiAdmissionsAssistant/Server/build/lambda_layer_app.zip",
            "id": "arn:aws:lambda:us-east-1:717279706981:layer:ai-admissions-assistant-app-dependencies-dev:6",
            "layer_arn": "arn:aws:lambda:us-east-1:717279706981:layer:ai-admissions-assistant-app-dependencies-dev",
            "layer_name": "ai-admissions-assistant-app-dependencies-dev",
            "license_info": "",
            "s3_bucket": null,
            "s3_key": null,
            "s3_object_version": null,
            "signing_job_arn": "",
            "signing_profile_version_arn": "",
            "skip_destroy": false,
            "source_code_hash": "e4ZpXpcLkLkadSIbGq9c2sNAbnrfqIdzYmAgnS1pYU0=",
            "source_code_size": 24029549,
            "version": "6"
          },
          "sensitive_attributes": [],
          "private": "bnVsbA=="
        }
      ]
    },
    {
      "mode": "managed",
      "type": "aws_lambda_layer_version",
      "name": "aws_sdk_layer",
      "provider": "provider[\"registry.terraform.io/hashicorp/aws\"]",
      "instances": [
        {
          "schema_version": 0,
          "attributes": {
            "arn": "arn:aws:lambda:us-east-1:717279706981:layer:ai-admissions-assistant-aws-sdk-dev:7",
            "code_sha256": "PzjhZglloW3lbyh5HqjMrCKDibUHJV36mUd2tq3ld+c=",
            "compatible_architectures": null,
            "compatible_runtimes": [
              "python3.13"
            ],
            "created_date": "2025-10-23T01:06:42.325+0000",
            "description": "AWS SDK dependencies for ai-admissions-assistant",
            "filename": "/Users/alanjohnson/Developer/Projects/aiAdmissionsAssistant/Server/build/lambda_layer_aws.zip",
            "id": "arn:aws:lambda:us-east-1:717279706981:layer:ai-admissions-assistant-aws-sdk-dev:7",
            "layer_arn": "arn:aws:lambda:us-east-1:717279706981:layer:ai-admissions-assistant-aws-sdk-dev",
            "layer_name": "ai-admissions-assistant-aws-sdk-dev",
            "license_info": "",
            "s3_bucket": null,
            "s3_key": null,
            "s3_object_version": null,
            "signing_job_arn": "",
            "signing_profile_version_arn": "",
            "skip_destroy": false,
            "source_code_hash": "PzjhZglloW3lbyh5HqjMrCKDibUHJV36mUd2tq3ld+c=",
            "source_code_size": 16590130,
            "version": "7"
          },
          "sensitive_attributes": [],
          "private": "bnVsbA=="
        }
      ]
    },
    {
      "mode": "managed",
      "type": "aws_lambda_layer_version",
      "name": "scraping_dependencies_layer",
      "provider": "provider[\"registry.terraform.io/hashicorp/aws\"]",
      "instances": [
        {
          "schema_version": 0,
          "attributes": {
            "arn": "arn:aws:lambda:us-east-1:717279706981:layer:ai-admissions-assistant-scraping-dependencies-dev:6",
            "code_sha256": "m6Gw26oZkeDHtCc8zAvxjfBjjd4D8Ibg5LXmPhXrcCM=",
            "compatible_architectures": null,
            "compatible_runtimes": [
              "python3.13"
            ],
            "created_date": "2025-10-23T01:06:18.965+0000",
            "description": "Web scraping dependencies for ai-admissions-assistant",
            "filename": "/Users/alanjohnson/Developer/Projects/aiAdmissionsAssistant/Server/build/lambda_layer_scraping.zip",
            "id": "arn:aws:lambda:us-east-1:717279706981:layer:ai-admissions-assistant-scraping-dependencies-dev:6",
            "layer_arn": "arn:aws:lambda:us-east-1:717279706981:layer:ai-admissions-assistant-scraping-dependencies-dev",
            "layer_name": "ai-admissions-assistant-scraping-dependencies-dev",
            "license_info": "",
            "s3_bucket": null,
            "s3_key": null,
            "s3_object_version": null,
            "signing_job_arn": "",
            "signing_profile_version_arn": "",
            "skip_destroy": false,
            "source_code_hash": "m6Gw26oZkeDHtCc8zAvxjfBjjd4D8Ibg5LXmPhXrcCM=",
            "source_code_size": 1582149,
            "version": "6"
          },
          "sensitive_attributes": [],
          "private": "bnVsbA=="
        }
      ]
    },
    {
      "mode": "managed",
      "type": "aws_lambda_permission",
      "name": "api_gateway_invoke",
      "provider": "provider[\"registry.terraform.io/hashicorp/aws\"]",
      "instances": [
        {
          "schema_version": 0,
          "attributes": {
            "action": "lambda:InvokeFunction",
            "event_source_token": null,
            "function_name": "ai-admissions-assistant-dev",
            "function_url_auth_type": null,
            "id": "AllowAPIGatewayInvoke",
            "principal": "apigateway.amazonaws.com",
            "principal_org_id": null,
            "qualifier": "",
            "source_account": null,
            "source_arn": "arn:aws:execute-api:us-east-1:717279706981:ookpvj4nh7/*/*",
            "statement_id": "AllowAPIGatewayInvoke",
            "statement_id_prefix": ""
          },
          "sensitive_attributes": [],
          "private": "bnVsbA==",
          "dependencies": [
            "aws_apigatewayv2_api.http_api",
            "aws_iam_role.lambda_role",
            "aws_lambda_function.api_lambda",
            "aws_lambda_layer_version.app_dependencies_layer",
            "aws_lambda_layer_version.aws_sdk_layer",
            "aws_lambda_layer_version.scraping_dependencies_layer",
            "data.aws_secretsmanager_secret.openai_api_key"
          ]
        }
      ]
    }
  ],
  "check_results": null
}
